version: 7
platforms:
- name: win-64
  virtual-packages:
  - __win=10.0
  - __archspec=0=x86_64
environments:
  default:
    channels:
    - url: https://conda.anaconda.org/conda-forge/
    packages:
      win-64:
      - conda: https://conda.anaconda.org/conda-forge/noarch/ca-certificates-2026.7.22-h4c7d964_0.conda
      - conda: https://conda.anaconda.org/conda-forge/noarch/font-ttf-dejavu-sans-mono-2.37-hab24e00_0.tar.bz2
      - conda: https://conda.anaconda.org/conda-forge/noarch/font-ttf-inconsolata-3.000-h77eed37_0.tar.bz2
      - conda: https://conda.anaconda.org/conda-forge/noarch/font-ttf-source-code-pro-2.038-h77eed37_0.tar.bz2
      - conda: https://conda.anaconda.org/conda-forge/noarch/font-ttf-ubuntu-0.83-h77eed37_3.conda
      - conda: https://conda.anaconda.org/conda-forge/noarch/fonts-conda-ecosystem-1-0.tar.bz2
      - conda: https://conda.anaconda.org/conda-forge/noarch/fonts-conda-forge-1-hc364b38_1.conda
      - conda: https://conda.anaconda.org/conda-forge/noarch/packaging-26.3-pyhc364b38_0.conda
      - conda: https://conda.anaconda.org/conda-forge/noarch/python_abi-3.14-8_cp314.conda
      - conda: https://conda.anaconda.org/conda-forge/noarch/tzdata-2026c-h151e31d_0.conda
      - conda: https://conda.anaconda.org/conda-forge/win-64/aom-3.14.1-pl5321h06fc181_1.conda
      - conda: https://conda.anaconda.org/conda-forge/win-64/bzip2-1.0.8-h0ad9c76_10.conda
      - conda: https://conda.anaconda.org/conda-forge/win-64/cairo-1.18.4-h477c42c_1.conda
      - conda: https://conda.anaconda.org/conda-forge/win-64/dav1d-1.2.1-hcfcfb64_0.conda
      - conda: https://conda.anaconda.org/conda-forge/win-64/ffmpeg-9.0.0-gpl_hf78cc82_900.conda
      - conda: https://conda.anaconda.org/conda-forge/win-64/fontconfig-2.18.2-hd47e2ca_0.conda
      - conda: https://conda.anaconda.org/conda-forge/win-64/freetype-2.14.3-h57928b3_1.conda
      - conda: https://conda.anaconda.org/conda-forge/win-64/fribidi-1.0.16-hfd05255_1.conda
      - conda: https://conda.anaconda.org/conda-forge/win-64/gdk-pixbuf-2.44.7-h1f5b9c4_0.conda
      - conda: https://conda.anaconda.org/conda-forge/win-64/glib-2.88.3-h3750008_0.conda
      - conda: https://conda.anaconda.org/conda-forge/win-64/glib-tools-2.88.3-h81395b3_0.conda
      - conda: https://conda.anaconda.org/conda-forge/win-64/graphite2-1.3.15-h5112557_1.conda
      - conda: https://conda.anaconda.org/conda-forge/win-64/harfbuzz-14.3.0-h57928b3_0.conda
      - conda: https://conda.anaconda.org/conda-forge/win-64/icu-78.3-h5112557_2.conda
      - conda: https://conda.anaconda.org/conda-forge/win-64/lame-4.0-h0c5f640_1.conda
      - conda: https://conda.anaconda.org/conda-forge/win-64/lerc-4.2.0-hd936e49_0.conda
      - conda: https://conda.anaconda.org/conda-forge/win-64/libbrotlicommon-1.2.0-hfd05255_1.conda
      - conda: https://conda.anaconda.org/conda-forge/win-64/libbrotlidec-1.2.0-hfd05255_1.conda
      - conda: https://conda.anaconda.org/conda-forge/win-64/libbrotlienc-1.2.0-hfd05255_1.conda
      - conda: https://conda.anaconda.org/conda-forge/win-64/libdeflate-1.25-h1a1d4e4_1.conda
      - conda: https://conda.anaconda.org/conda-forge/win-64/libexpat-2.8.1-hac47afa_1.conda
      - conda: https://conda.anaconda.org/conda-forge/win-64/libffi-3.5.2-h3d046cb_0.conda
      - conda: https://conda.anaconda.org/conda-forge/win-64/libfreetype-2.14.3-h57928b3_1.conda
      - conda: https://conda.anaconda.org/conda-forge/win-64/libfreetype6-2.14.3-hdbac1cb_1.conda
      - conda: https://conda.anaconda.org/conda-forge/win-64/libglib-2.88.3-h7ce1215_0.conda
      - conda: https://conda.anaconda.org/conda-forge/win-64/libharfbuzz-14.3.0-h03b5201_0.conda
      - conda: https://conda.anaconda.org/conda-forge/win-64/libharfbuzz-devel-14.3.0-h03b5201_0.conda
      - conda: https://conda.anaconda.org/conda-forge/win-64/libhwy-1.4.0-h2419aca_0.conda
      - conda: https://conda.anaconda.org/conda-forge/win-64/libiconv-1.18-hc1393d2_2.conda
      - conda: https://conda.anaconda.org/conda-forge/win-64/libintl-0.22.5-h5728263_3.conda
      - conda: https://conda.anaconda.org/conda-forge/win-64/libintl-devel-0.22.5-h5728263_3.conda
      - conda: https://conda.anaconda.org/conda-forge/win-64/libjpeg-turbo-3.2.0-hfd05255_1.conda
      - conda: https://conda.anaconda.org/conda-forge/win-64/libjxl-0.12.0-h932607e_1.conda
      - conda: https://conda.anaconda.org/conda-forge/win-64/liblzma-5.8.3-hfd05255_1.conda
      - conda: https://conda.anaconda.org/conda-forge/win-64/libmpdec-4.0.0-hfd05255_1.conda
      - conda: https://conda.anaconda.org/conda-forge/win-64/libogg-1.3.5-h2466b09_1.conda
      - conda: https://conda.anaconda.org/conda-forge/win-64/libopus-1.6.1-h6a83c73_0.conda
      - conda: https://conda.anaconda.org/conda-forge/win-64/libpng-1.6.58-h7351971_0.conda
      - conda: https://conda.anaconda.org/conda-forge/win-64/librsvg-2.62.3-h15cfe45_0.conda
      - conda: https://conda.anaconda.org/conda-forge/win-64/libsqlite-3.53.4-hf5d6505_0.conda
      - conda: https://conda.anaconda.org/conda-forge/win-64/libtiff-4.7.2-h8f73337_0.conda
      - conda: https://conda.anaconda.org/conda-forge/win-64/libusb-1.0.29-h1839187_0.conda
      - conda: https://conda.anaconda.org/conda-forge/win-64/libvorbis-1.3.7-h5112557_2.conda
      - conda: https://conda.anaconda.org/conda-forge/win-64/libvulkan-loader-1.4.357.0-h477610d_0.conda
      - conda: https://conda.anaconda.org/conda-forge/win-64/libwebp-base-1.6.0-h4d5522a_1.conda
      - conda: https://conda.anaconda.org/conda-forge/win-64/libxml2-16-2.15.3-h3cfd58e_0.conda
      - conda: https://conda.anaconda.org/conda-forge/win-64/libxml2-2.15.3-h8ef44ab_0.conda
      - conda: https://conda.anaconda.org/conda-forge/win-64/libzlib-1.3.2-hfd05255_3.conda
      - conda: https://conda.anaconda.org/conda-forge/win-64/mpg123-1.33.7-h365c5b5_0.conda
      - conda: https://conda.anaconda.org/conda-forge/win-64/openh264-2.6.0-h1eab103_1.conda
      - conda: https://conda.anaconda.org/conda-forge/win-64/openssl-3.6.3-hf411b9b_1.conda
      - conda: https://conda.anaconda.org/conda-forge/win-64/pango-1.58.2-h13911b6_0.conda
      - conda: https://conda.anaconda.org/conda-forge/win-64/pcre2-10.47-hd2b5f0e_0.conda
      - conda: https://conda.anaconda.org/conda-forge/win-64/pixman-0.46.4-h5112557_3.conda
      - conda: https://conda.anaconda.org/conda-forge/win-64/python-3.14.6-h4b44e0e_101_cp314.conda
      - conda: https://conda.anaconda.org/conda-forge/win-64/sdl2-2.32.56-h5112557_0.conda
      - conda: https://conda.anaconda.org/conda-forge/win-64/sdl3-3.4.14-h5112557_0.conda
      - conda: https://conda.anaconda.org/conda-forge/win-64/svt-av1-4.2.0-hac47afa_0.conda
      - conda: https://conda.anaconda.org/conda-forge/win-64/tk-8.6.13-h967ab96_3.conda
      - conda: https://conda.anaconda.org/conda-forge/win-64/ucrt-10.0.26100.0-h57928b3_0.conda
      - conda: https://conda.anaconda.org/conda-forge/win-64/vc-14.5-ha367084_41.conda
      - conda: https://conda.anaconda.org/conda-forge/win-64/vc14_runtime-14.51.36247-habf1de7_41.conda
      - conda: https://conda.anaconda.org/conda-forge/win-64/vcomp14-14.51.36247-habf1de7_41.conda
      - conda: https://conda.anaconda.org/conda-forge/win-64/vs2015_runtime-14.51.36247-h633cb9f_41.conda
      - conda: https://conda.anaconda.org/conda-forge/win-64/x264-1!164.3095-h8ffe710_2.tar.bz2
      - conda: https://conda.anaconda.org/conda-forge/win-64/x265-3.5-h2d74725_3.tar.bz2
      - conda: https://conda.anaconda.org/conda-forge/win-64/zlib-1.3.2-hfd05255_3.conda
      - conda: https://conda.anaconda.org/conda-forge/win-64/zstd-1.5.7-h534d264_6.conda
packages:
- conda: https://conda.anaconda.org/conda-forge/noarch/ca-certificates-2026.7.22-h4c7d964_0.conda
  sha256: 95e8e74062a5fe5f870ac8c90302b6e89945165fdaed7810606e84ddee6aac12
  md5: e27d2ac27b096dc51fedfcf775a53f9b
  depends:
  - __win
  license: ISC
  run_exports: {}
  size: 132136
  timestamp: 1784754918886
- conda: https://conda.anaconda.org/conda-forge/noarch/font-ttf-dejavu-sans-mono-2.37-hab24e00_0.tar.bz2
  sha256: 58d7f40d2940dd0a8aa28651239adbf5613254df0f75789919c4e6762054403b
  md5: 0c96522c6bdaed4b1566d11387caaf45
  license: BSD-3-Clause
  license_family: BSD
  run_exports: {}
  size: 397370
  timestamp: 1566932522327
- conda: https://conda.anaconda.org/conda-forge/noarch/font-ttf-inconsolata-3.000-h77eed37_0.tar.bz2
  sha256: c52a29fdac682c20d252facc50f01e7c2e7ceac52aa9817aaf0bb83f7559ec5c
  md5: 34893075a5c9e55cdafac56607368fc6
  license: OFL-1.1
  license_family: Other
  run_exports: {}
  size: 96530
  timestamp: 1620479909603
- conda: https://conda.anaconda.org/conda-forge/noarch/font-ttf-source-code-pro-2.038-h77eed37_0.tar.bz2
  sha256: 00925c8c055a2275614b4d983e1df637245e19058d79fc7dd1a93b8d9fb4b139
  md5: 4d59c254e01d9cde7957100457e2d5fb
  license: OFL-1.1
  license_family: Other
  run_exports: {}
  size: 700814
  timestamp: 1620479612257
- conda: https://conda.anaconda.org/conda-forge/noarch/font-ttf-ubuntu-0.83-h77eed37_3.conda
  sha256: 2821ec1dc454bd8b9a31d0ed22a7ce22422c0aef163c59f49dfdf915d0f0ca14
  md5: 49023d73832ef61042f6a237cb2687e7
  license: LicenseRef-Ubuntu-Font-Licence-Version-1.0
  license_family: Other
  run_exports: {}
  size: 1620504
  timestamp: 1727511233259
- conda: https://conda.anaconda.org/conda-forge/noarch/fonts-conda-ecosystem-1-0.tar.bz2
  sha256: a997f2f1921bb9c9d76e6fa2f6b408b7fa549edd349a77639c9fe7a23ea93e61
  md5: fee5683a3f04bd15cbd8318b096a27ab
  depends:
  - fonts-conda-forge
  license: BSD-3-Clause
  license_family: BSD
  run_exports: {}
  size: 3667
  timestamp: 1566974674465
- conda: https://conda.anaconda.org/conda-forge/noarch/fonts-conda-forge-1-hc364b38_1.conda
  sha256: 54eea8469786bc2291cc40bca5f46438d3e062a399e8f53f013b6a9f50e98333
  md5: a7970cd949a077b7cb9696379d338681
  depends:
  - font-ttf-ubuntu
  - font-ttf-inconsolata
  - font-ttf-dejavu-sans-mono
  - font-ttf-source-code-pro
  license: BSD-3-Clause
  license_family: BSD
  run_exports: {}
  size: 4059
  timestamp: 1762351264405
- conda: https://conda.anaconda.org/conda-forge/noarch/packaging-26.3-pyhc364b38_0.conda
  sha256: c432626b16768b8dab228bfb706f7060c2d462a21c516d240f68f2f902b5a044
  md5: 936687ed80f295a1f5dbcf8bd34c252c
  depends:
  - python >=3.9
  - python
  license: Apache-2.0
  license_family: APACHE
  run_exports: {}
  size: 116363
  timestamp: 1785888127370
- conda: https://conda.anaconda.org/conda-forge/noarch/python_abi-3.14-8_cp314.conda
  build_number: 8
  sha256: ad6d2e9ac39751cc0529dd1566a26751a0bf2542adb0c232533d32e176e21db5
  md5: 0539938c55b6b1a59b560e843ad864a4
  constrains:
  - python 3.14.* *_cp314
  license: BSD-3-Clause
  license_family: BSD
  run_exports: {}
  size: 6989
  timestamp: 1752805904792
- conda: https://conda.anaconda.org/conda-forge/noarch/tzdata-2026c-h151e31d_0.conda
  sha256: b928c30ddcb0e3f544c6eade8352737e6e610e263276b90232db6a578ef899d8
  md5: fcb489df604d100968b737f2cb6076c6
  license: LicenseRef-Public-Domain
  run_exports: {}
  size: 118849
  timestamp: 1784250406640
- conda: https://conda.anaconda.org/conda-forge/win-64/aom-3.14.1-pl5321h06fc181_1.conda
  sha256: 3033fa8953f7f0c1bb5b89b5af77253badc14a89ba94d743dde3c9159e10fd5e
  md5: 7a8ace8100a48355a34d87386012c57b
  depends:
  - vc >=14.3,<15
  - vc14_runtime >=14.44.35208
  - ucrt >=10.0.20348.0
  license: BSD-2-Clause
  license_family: BSD
  run_exports:
    weak:
    - aom >=3.14.1,<3.15.0a0
  size: 2214571
  timestamp: 1780752497150
- conda: https://conda.anaconda.org/conda-forge/win-64/bzip2-1.0.8-h0ad9c76_10.conda
  sha256: 04767466ee9227c9c57ab2c6503e0149177d34111c7418d2f420297acb1eb229
  md5: c3301c058362f340100d91cd8be0393f
  depends:
  - ucrt >=10.0.20348.0
  - vc >=14.3,<15
  - vc14_runtime >=14.44.35208
  license: bzip2-1.0.6
  license_family: BSD
  run_exports:
    weak:
    - bzip2 >=1.0.8,<2.0a0
  size: 55919
  timestamp: 1785906343696
- conda: https://conda.anaconda.org/conda-forge/win-64/cairo-1.18.4-h477c42c_1.conda
  sha256: 9ee4ad706c5d3e1c6c469785d60e3c2b263eec569be0eac7be33fbaef978bccc
  md5: 52ea1beba35b69852d210242dd20f97d
  depends:
  - fontconfig >=2.15.0,<3.0a0
  - fonts-conda-ecosystem
  - icu >=78.1,<79.0a0
  - libexpat >=2.7.3,<3.0a0
  - libfreetype >=2.14.1
  - libfreetype6 >=2.14.1
  - libglib >=2.86.3,<3.0a0
  - libpng >=1.6.53,<1.7.0a0
  - libzlib >=1.3.1,<2.0a0
  - pixman >=0.46.4,<1.0a0
  - ucrt >=10.0.20348.0
  - vc >=14.3,<15
  - vc14_runtime >=14.44.35208
  license: LGPL-2.1-only or MPL-1.1
  run_exports:
    weak:
    - cairo >=1.18.4,<2.0a0
  size: 1537783
  timestamp: 1766416059188
- conda: https://conda.anaconda.org/conda-forge/win-64/dav1d-1.2.1-hcfcfb64_0.conda
  sha256: 2aa2083c9c186da7d6f975ccfbef654ed54fff27f4bc321dbcd12cee932ec2c4
  md5: ed2c27bda330e3f0ab41577cf8b9b585
  depends:
  - ucrt >=10.0.20348.0
  - vc >=14.2,<15
  - vc14_runtime >=14.29.30139
  license: BSD-2-Clause
  license_family: BSD
  run_exports:
    weak:
    - dav1d >=1.2.1,<1.2.2.0a0
  size: 618643
  timestamp: 1685696352968
- conda: https://conda.anaconda.org/conda-forge/win-64/ffmpeg-9.0.0-gpl_hf78cc82_900.conda
  sha256: f24f835f671fc75ee85ceb1cca59b080f8ccb998551cb05f12b6695c4f0d096f
  md5: a45ac7a6a87f211ce3dd14af7d315764
  depends:
  - aom >=3.14.1,<3.15.0a0
  - bzip2 >=1.0.8,<2.0a0
  - dav1d >=1.2.1,<1.2.2.0a0
  - fontconfig >=2.18.2,<3.0a0
  - fonts-conda-ecosystem
  - lame >=4.0,<4.1.0a0
  - libexpat >=2.8.1,<3.0a0
  - libfreetype >=2.14.3
  - libfreetype6 >=2.14.3
  - libharfbuzz >=14.3.0
  - libiconv >=1.18,<2.0a0
  - libjxl >=0.12.0,<0.13.0a0
  - liblzma >=5.8.3,<6.0a0
  - libopus >=1.6.1,<2.0a0
  - librsvg >=2.62.3,<3.0a0
  - libvorbis >=1.3.7,<1.4.0a0
  - libvulkan-loader >=1.4.357.0,<2.0a0
  - libwebp-base >=1.6.0,<2.0a0
  - libxml2
  - libxml2-16 >=2.14.6
  - libzlib >=1.3.2,<2.0a0
  - openh264 >=2.6.0,<2.6.1.0a0
  - openssl >=3.5.7,<4.0a0
  - sdl2 >=2.32.56,<3.0a0
  - svt-av1 >=4.2.0,<4.2.1.0a0
  - ucrt >=10.0.20348.0
  - vc >=14.3,<15
  - vc14_runtime >=14.44.35208
  - x264 >=1!164.3095,<1!165
  - x265 >=3.5,<3.6.0a0
  constrains:
  - __cuda  >=12.8
  license: GPL-2.0-or-later
  license_family: GPL
  run_exports:
    weak:
    - ffmpeg >=9.0.0,<10.0a0
  size: 11499372
  timestamp: 1786320039401
- conda: https://conda.anaconda.org/conda-forge/win-64/fontconfig-2.18.2-hd47e2ca_0.conda
  sha256: 3263ba9ad9e78a927964c76e0b2b4c745d279394928f4d381272b771ec816235
  md5: 8a2cb80ec7f2a366dd53b48403844154
  depends:
  - libexpat >=2.8.1,<3.0a0
  - libfreetype >=2.14.3
  - libfreetype6 >=2.14.3
  - libiconv >=1.18,<2.0a0
  - libintl >=0.22.5,<1.0a0
  - libzlib >=1.3.2,<2.0a0
  - ucrt >=10.0.20348.0
  - vc >=14.3,<15
  - vc14_runtime >=14.44.35208
  license: MIT
  license_family: MIT
  run_exports:
    weak:
    - fontconfig >=2.18.2,<3.0a0
    - fonts-conda-ecosystem
  size: 216273
  timestamp: 1784754573317
- conda: https://conda.anaconda.org/conda-forge/win-64/freetype-2.14.3-h57928b3_1.conda
  sha256: a0e419e96146159f12344c870dca608d11bca36841f228092b986ffc2e1e0f02
  md5: e77293b32225b136a8be300f93d0e89f
  depends:
  - libfreetype 2.14.3 h57928b3_1
  - libfreetype6 2.14.3 hdbac1cb_1
  - zlib
  license: GPL-2.0-only OR FTL
  run_exports:
    weak:
    - libfreetype >=2.14.3
    - libfreetype6 >=2.14.3
  size: 185584
  timestamp: 1780934817461
- conda: https://conda.anaconda.org/conda-forge/win-64/fribidi-1.0.16-hfd05255_1.conda
  sha256: 274b3e4ae5dff527062039d1dcb5cfdd9f91fa7d8eaf61358c09450b361385de
  md5: 66f5ce9d0d618332023619a899ceb26f
  depends:
  - ucrt >=10.0.20348.0
  - vc >=14.3,<15
  - vc14_runtime >=14.44.35208
  license: LGPL-2.1-or-later
  run_exports:
    weak:
    - fribidi >=1.0.16,<2.0a0
  size: 65318
  timestamp: 1785912637725
- conda: https://conda.anaconda.org/conda-forge/win-64/gdk-pixbuf-2.44.7-h1f5b9c4_0.conda
  sha256: 4965bf7c84c9b7c970f1f7bc475962e43441018cf9551682a4a22960c5090588
  md5: 5daba86dbe8072c7e49f74013ef308cd
  depends:
  - libglib >=2.88.2,<3.0a0
  - libintl >=0.22.5,<1.0a0
  - libjpeg-turbo >=3.1.4.1,<4.0a0
  - liblzma >=5.8.3,<6.0a0
  - libpng >=1.6.58,<1.7.0a0
  - libtiff >=4.7.1,<4.8.0a0
  - ucrt >=10.0.20348.0
  - vc >=14.3,<15
  - vc14_runtime >=14.44.35208
  license: LGPL-2.1-or-later
  license_family: LGPL
  run_exports:
    weak:
    - gdk-pixbuf >=2.44.7,<3.0a0
  size: 579329
  timestamp: 1782591520147
- conda: https://conda.anaconda.org/conda-forge/win-64/glib-2.88.3-h3750008_0.conda
  sha256: 83422a7831b2fd2c85cf98ad3e74e6a93dac008ac14dd73f9846ddcc8c3714db
  md5: 9ffa1092d169f71c63d67391e6f25348
  depends:
  - python *
  - packaging
  - libglib ==2.88.3 h7ce1215_0
  - glib-tools ==2.88.3 h81395b3_0
  - libintl-devel
  - vc >=14.3,<15
  - vc14_runtime >=14.44.35208
  - ucrt >=10.0.20348.0
  - libintl >=0.22.5,<1.0a0
  license: LGPL-2.1-or-later
  run_exports:
    weak:
    - libglib >=2.88.3,<3.0a0
  size: 76034
  timestamp: 1785442151056
- conda: https://conda.anaconda.org/conda-forge/win-64/glib-tools-2.88.3-h81395b3_0.conda
  sha256: cb4c3fb7a4dac04def4d78a6f01f031900e18b7b90e6b0b9e72accd500942654
  md5: e247bb0f21e2e49097a663facd4fa554
  depends:
  - libglib ==2.88.3 h7ce1215_0
  - libffi
  - vc >=14.3,<15
  - vc14_runtime >=14.44.35208
  - ucrt >=10.0.20348.0
  - libintl >=0.22.5,<1.0a0
  license: LGPL-2.1-or-later
  run_exports: {}
  size: 251688
  timestamp: 1785442151056
- conda: https://conda.anaconda.org/conda-forge/win-64/graphite2-1.3.15-h5112557_1.conda
  sha256: 93a59bdf944fb6f947bd7ad2f293d5d80db3a90f8ff8dfabc591e3752141e46f
  md5: 79538e7a7bc024084eda5989f73fde35
  depends:
  - vc >=14.3,<15
  - vc14_runtime >=14.44.35208
  - ucrt >=10.0.20348.0
  license: LGPL-2.0-or-later
  license_family: LGPL
  run_exports:
    weak:
    - graphite2 >=1.3.15,<2.0a0
  size: 98064
  timestamp: 1786118492029
- conda: https://conda.anaconda.org/conda-forge/win-64/harfbuzz-14.3.0-h57928b3_0.conda
  sha256: bcefb437e994108aaf768e52e5ee63b6eddc6dc4b91a83b2ad59363e49486709
  md5: a2696e807c11de8867ecfacc6fe467aa
  depends:
  - libharfbuzz-devel 14.3.0 h03b5201_0
  license: MIT
  license_family: MIT
  run_exports:
    weak:
    - libharfbuzz >=14.3.0
  size: 11509
  timestamp: 1785770514661
- conda: https://conda.anaconda.org/conda-forge/win-64/icu-78.3-h5112557_2.conda
  sha256: 75c549b55b673e15de8785a8e5dd85bca7eb612eee0ff4dc8d7bdaa15eacbdbb
  md5: e596942e8ee6ee17fdcf1e6a77757a66
  depends:
  - vc >=14.3,<15
  - vc14_runtime >=14.44.35208
  - ucrt >=10.0.20348.0
  license: MIT
  license_family: MIT
  run_exports:
    weak:
    - icu >=78.3,<79.0a0
  size: 16835644
  timestamp: 1784916416303
- conda: https://conda.anaconda.org/conda-forge/win-64/lame-4.0-h0c5f640_1.conda
  sha256: c1df9067381c938f819639a3c1b151a28bd1880c044951b5e14785a89fd91cf5
  md5: f2520f0d4797754e640bc20bbcfdea6d
  depends:
  - mpg123 >=1.33.7,<1.34.0a0
  - ucrt >=10.0.20348.0
  - vc >=14.3,<15
  - vc14_runtime >=14.44.35208
  license: LGPL-2.0-only
  license_family: LGPL
  run_exports:
    weak:
    - lame >=4.0,<4.1.0a0
  size: 360500
  timestamp: 1786292530281
- conda: https://conda.anaconda.org/conda-forge/win-64/lerc-4.2.0-hd936e49_0.conda
  sha256: 93d666f63f284ef77b87b0b1f77b70f7d36d315a132f9afa64bc0012d937ba39
  md5: add59e2b60ac9d4299d17c938185c75a
  depends:
  - ucrt >=10.0.20348.0
  - vc >=14.3,<15
  - vc14_runtime >=14.44.35208
  license: Apache-2.0
  license_family: Apache
  run_exports:
    weak:
    - lerc >=4.2.0,<5.0a0
  size: 175297
  timestamp: 1785036247761
- conda: https://conda.anaconda.org/conda-forge/win-64/libbrotlicommon-1.2.0-hfd05255_1.conda
  sha256: 5097303c2fc8ebf9f9ea9731520aa5ce4847d0be41764edd7f6dee2100b82986
  md5: 444b0a45bbd1cb24f82eedb56721b9c4
  depends:
  - ucrt >=10.0.20348.0
  - vc >=14.3,<15
  - vc14_runtime >=14.44.35208
  license: MIT
  license_family: MIT
  run_exports:
    weak:
    - libbrotlicommon >=1.2.0,<1.3.0a0
  size: 82042
  timestamp: 1764017799966
- conda: https://conda.anaconda.org/conda-forge/win-64/libbrotlidec-1.2.0-hfd05255_1.conda
  sha256: 3239ce545cf1c32af6fffb7fc7c75cb1ef5b6ea8221c66c85416bb2d46f5cccb
  md5: 450e3ae947fc46b60f1d8f8f318b40d4
  depends:
  - libbrotlicommon 1.2.0 hfd05255_1
  - ucrt >=10.0.20348.0
  - vc >=14.3,<15
  - vc14_runtime >=14.44.35208
  license: MIT
  license_family: MIT
  run_exports:
    weak:
    - libbrotlidec >=1.2.0,<1.3.0a0
  size: 34449
  timestamp: 1764017851337
- conda: https://conda.anaconda.org/conda-forge/win-64/libbrotlienc-1.2.0-hfd05255_1.conda
  sha256: 3226df6b7df98734440739f75527d585d42ca2bfe912fbe8d1954c512f75341a
  md5: ccd93cfa8e54fd9df4e83dbe55ff6e8c
  depends:
  - libbrotlicommon 1.2.0 hfd05255_1
  - ucrt >=10.0.20348.0
  - vc >=14.3,<15
  - vc14_runtime >=14.44.35208
  license: MIT
  license_family: MIT
  run_exports:
    weak:
    - libbrotlienc >=1.2.0,<1.3.0a0
  size: 252903
  timestamp: 1764017901735
- conda: https://conda.anaconda.org/conda-forge/win-64/libdeflate-1.25-h1a1d4e4_1.conda
  sha256: af1cda21d4653f594fbef20aa4e1ff158a546902b3307ef8af9a9b44b43862d2
  md5: e4e122e124676a49eebf241399ad8393
  depends:
  - ucrt >=10.0.20348.0
  - vc >=14.3,<15
  - vc14_runtime >=14.44.35208
  license: MIT
  license_family: MIT
  run_exports:
    weak:
    - libdeflate >=1.25,<1.26.0a0
  size: 157828
  timestamp: 1785908793271
- conda: https://conda.anaconda.org/conda-forge/win-64/libexpat-2.8.1-hac47afa_1.conda
  sha256: 1a54d874addda73b6f7164d5f3905821277a1831bcc05edd74b3085391688571
  md5: ccc490c81ffe14181861beac0e8f3169
  depends:
  - ucrt >=10.0.20348.0
  - vc >=14.3,<15
  - vc14_runtime >=14.44.35208
  constrains:
  - expat 2.8.1.*
  license: MIT
  license_family: MIT
  run_exports: {}
  size: 71631
  timestamp: 1781203724164
- conda: https://conda.anaconda.org/conda-forge/win-64/libffi-3.5.2-h3d046cb_0.conda
  sha256: 59d01f2dfa8b77491b5888a5ab88ff4e1574c9359f7e229da254cdfe27ddc190
  md5: 720b39f5ec0610457b725eb3f396219a
  depends:
  - ucrt >=10.0.20348.0
  - vc >=14.3,<15
  - vc14_runtime >=14.44.35208
  license: MIT
  license_family: MIT
  run_exports:
    weak:
    - libffi >=3.5.2,<3.6.0a0
  size: 45831
  timestamp: 1769456418774
- conda: https://conda.anaconda.org/conda-forge/win-64/libfreetype-2.14.3-h57928b3_1.conda
  sha256: 035d0c67bf9f7a16f4a1764f420c120f1a995d071bb265fcc66ef688ef709d7b
  md5: e45b52fb9a81c9e2708465a706e05952
  depends:
  - libfreetype6 >=2.14.3
  license: GPL-2.0-only OR FTL
  run_exports: {}
  size: 8711
  timestamp: 1780934891782
- conda: https://conda.anaconda.org/conda-forge/win-64/libfreetype6-2.14.3-hdbac1cb_1.conda
  sha256: 0bbd19c9f7c4d0232b31892e6a4d1f82b8d19d1b84d89725f1f491b336447758
  md5: 4e4d54f9f98383d977ba56ef39ebf46d
  depends:
  - libpng >=1.6.58,<1.7.0a0
  - libzlib >=1.3.2,<2.0a0
  - ucrt >=10.0.20348.0
  - vc >=14.3,<15
  - vc14_runtime >=14.44.35208
  constrains:
  - freetype >=2.14.3
  license: GPL-2.0-only OR FTL
  run_exports: {}
  size: 340411
  timestamp: 1780934813224
- conda: https://conda.anaconda.org/conda-forge/win-64/libglib-2.88.3-h7ce1215_0.conda
  sha256: 016bebb5832f5ca5f9cb29a19e1a8fabe66e5a5b5bbbbdf738142e7fb36e3117
  md5: 2f43ad5d918b2e6968bd61cc8daff62c
  depends:
  - vc >=14.3,<15
  - vc14_runtime >=14.44.35208
  - ucrt >=10.0.20348.0
  - libintl >=0.22.5,<1.0a0
  - libffi >=3.5.2,<3.6.0a0
  - libiconv >=1.18,<2.0a0
  - pcre2 >=10.47,<10.48.0a0
  - libzlib >=1.3.2,<2.0a0
  constrains:
  - glib >2.66
  license: LGPL-2.1-or-later
  run_exports:
    weak:
    - libglib >=2.88.3,<3.0a0
  size: 4518994
  timestamp: 1785442151056
- conda: https://conda.anaconda.org/conda-forge/win-64/libharfbuzz-14.3.0-h03b5201_0.conda
  sha256: 43e09008ce97186b41cf8b8a5ac455005b6c5e7586b36368cfe98e1f4353f6af
  md5: 3d81338de690051645d0aabeb2631441
  depends:
  - cairo >=1.18.4,<2.0a0
  - graphite2 >=1.3.15,<2.0a0
  - icu >=78.3,<79.0a0
  - libexpat >=2.8.1,<3.0a0
  - libfreetype >=2.14.3
  - libfreetype6 >=2.14.3
  - libglib >=2.88.3,<3.0a0
  - libpng >=1.6.58,<1.7.0a0
  - libzlib >=1.3.2,<2.0a0
  - ucrt >=10.0.20348.0
  - vc >=14.3,<15
  - vc14_runtime >=14.44.35208
  license: MIT
  license_family: MIT
  run_exports: {}
  size: 1041066
  timestamp: 1785770469568
- conda: https://conda.anaconda.org/conda-forge/win-64/libharfbuzz-devel-14.3.0-h03b5201_0.conda
  sha256: 54fea2e201eeb6940ff050ff4847c1021b69ad984881369470f1b2f0446c6340
  md5: caa9cfa4e495ec225e5ccde3cab32a88
  depends:
  - cairo >=1.18.4,<2.0a0
  - freetype
  - glib
  - graphite2 >=1.3.15,<2.0a0
  - icu >=78.3,<79.0a0
  - libexpat >=2.8.1,<3.0a0
  - libfreetype >=2.14.3
  - libfreetype6 >=2.14.3
  - libglib >=2.88.3,<3.0a0
  - libharfbuzz 14.3.0 h03b5201_0
  - libpng >=1.6.58,<1.7.0a0
  - libzlib >=1.3.2,<2.0a0
  - ucrt >=10.0.20348.0
  - vc >=14.3,<15
  - vc14_runtime >=14.44.35208
  license: MIT
  license_family: MIT
  run_exports:
    weak:
    - libharfbuzz >=14.3.0
  size: 324303
  timestamp: 1785770503649
- conda: https://conda.anaconda.org/conda-forge/win-64/libhwy-1.4.0-h2419aca_0.conda
  sha256: ade3e4e8e09051bad9c75ea9e96b09e3c635216c409c87c369e6f8566a528cb1
  md5: 430378e206cf5a148fc8da7603b2466e
  depends:
  - ucrt >=10.0.20348.0
  - vc >=14.3,<15
  - vc14_runtime >=14.44.35208
  license: Apache-2.0 OR BSD-3-Clause
  run_exports:
    weak:
    - libhwy >=1.4.0,<1.5.0a0
  size: 564121
  timestamp: 1784325614001
- conda: https://conda.anaconda.org/conda-forge/win-64/libiconv-1.18-hc1393d2_2.conda
  sha256: 0dcdb1a5f01863ac4e8ba006a8b0dc1a02d2221ec3319b5915a1863254d7efa7
  md5: 64571d1dd6cdcfa25d0664a5950fdaa2
  depends:
  - ucrt >=10.0.20348.0
  - vc >=14.3,<15
  - vc14_runtime >=14.44.35208
  license: LGPL-2.1-only
  run_exports:
    weak:
    - libiconv >=1.18,<2.0a0
  size: 696926
  timestamp: 1754909290005
- conda: https://conda.anaconda.org/conda-forge/win-64/libintl-0.22.5-h5728263_3.conda
  sha256: c7e4600f28bcada8ea81456a6530c2329312519efcf0c886030ada38976b0511
  md5: 2cf0cf76cc15d360dfa2f17fd6cf9772
  depends:
  - libiconv >=1.17,<2.0a0
  license: LGPL-2.1-or-later
  run_exports:
    weak:
    - libintl >=0.22.5,<1.0a0
  size: 95568
  timestamp: 1723629479451
- conda: https://conda.anaconda.org/conda-forge/win-64/libintl-devel-0.22.5-h5728263_3.conda
  sha256: be1f3c48bc750bca7e68955d57180dfd826d6f9fa7eb32994f6cb61b813f9a6a
  md5: 7537784e9e35399234d4007f45cdb744
  depends:
  - libiconv >=1.17,<2.0a0
  - libintl 0.22.5 h5728263_3
  license: LGPL-2.1-or-later
  run_exports:
    weak:
    - libintl >=0.22.5,<1.0a0
  size: 40746
  timestamp: 1723629745649
- conda: https://conda.anaconda.org/conda-forge/win-64/libjpeg-turbo-3.2.0-hfd05255_1.conda
  sha256: df78ab4c0eecb3dd9331898f96baeed8e5ca1c363346332517abeb0b614b9a53
  md5: fc2c23bacefd1e733f1e1d6cd3b2aaeb
  depends:
  - ucrt >=10.0.20348.0
  - vc >=14.3,<15
  - vc14_runtime >=14.44.35208
  constrains:
  - jpeg <0.0.0a
  license: IJG AND BSD-3-Clause AND Zlib
  run_exports:
    weak:
    - libjpeg-turbo >=3.2.0,<4.0a0
  size: 990125
  timestamp: 1785896494014
- conda: https://conda.anaconda.org/conda-forge/win-64/libjxl-0.12.0-h932607e_1.conda
  sha256: 141310ec747808be57ba9e7501fcfab75b260803233dd9ba818fb85f6080aad9
  md5: adb20d060513fe9655d28a780bafafaa
  depends:
  - vc >=14.3,<15
  - vc14_runtime >=14.44.35208
  - ucrt >=10.0.20348.0
  - libhwy >=1.4.0,<1.5.0a0
  - libbrotlienc >=1.2.0,<1.3.0a0
  - libbrotlidec >=1.2.0,<1.3.0a0
  license: BSD-3-Clause
  license_family: BSD
  run_exports:
    weak:
    - libjxl >=0.12.0,<0.13.0a0
  size: 1199695
  timestamp: 1783146089449
- conda: https://conda.anaconda.org/conda-forge/win-64/liblzma-5.8.3-hfd05255_1.conda
  sha256: d36c4a1e1f80fd08e18a407e03622ff2f34dfdd022da6488ad19603dea19e6d5
  md5: 880a0c8549479b198af21ba5dc49b109
  depends:
  - ucrt >=10.0.20348.0
  - vc >=14.3,<15
  - vc14_runtime >=14.44.35208
  constrains:
  - xz 5.8.3.*
  license: 0BSD
  run_exports:
    weak:
    - liblzma >=5.8.3,<6.0a0
  size: 105809
  timestamp: 1786348717883
- conda: https://conda.anaconda.org/conda-forge/win-64/libmpdec-4.0.0-hfd05255_1.conda
  sha256: 40dcd0b9522a6e0af72a9db0ced619176e7cfdb114855c7a64f278e73f8a7514
  md5: e4a9fc2bba3b022dad998c78856afe47
  depends:
  - ucrt >=10.0.20348.0
  - vc >=14.3,<15
  - vc14_runtime >=14.44.35208
  license: BSD-2-Clause
  license_family: BSD
  run_exports: {}
  size: 89411
  timestamp: 1769482314283
- conda: https://conda.anaconda.org/conda-forge/win-64/libogg-1.3.5-h2466b09_1.conda
  sha256: c63e5fb169dbd192aacdcee6e37235407f106b8ca9c9036942a25e0366cbc73c
  md5: b67ed8c9ca072695ff482e50d888a523
  depends:
  - vc >=14.2,<15
  - vc14_runtime >=14.29.30139
  - ucrt >=10.0.20348.0
  - vc >=14.2,<15
  - vc14_runtime >=14.29.30139
  - ucrt >=10.0.20348.0
  license: BSD-3-Clause
  license_family: BSD
  run_exports:
    weak:
    - libogg >=1.3.5,<1.4.0a0
  size: 35040
  timestamp: 1745826086628
- conda: https://conda.anaconda.org/conda-forge/win-64/libopus-1.6.1-h6a83c73_0.conda
  sha256: c3678f111866235b44fa65265966abae7d90b6387178f1459afaedcee8b4a997
  md5: 0ed21da5b6e3a0393e05762b3cce2878
  depends:
  - vc >=14.3,<15
  - vc14_runtime >=14.44.35208
  - ucrt >=10.0.20348.0
  license: BSD-3-Clause
  license_family: BSD
  run_exports:
    weak:
    - libopus >=1.6.1,<2.0a0
  size: 307373
  timestamp: 1768497136248
- conda: https://conda.anaconda.org/conda-forge/win-64/libpng-1.6.58-h7351971_0.conda
  sha256: 218913aeee391460bd0e341b834dbd9c6fa6ae0a4276c0c300266cc99a816a28
  md5: 52f1280563f3b48b5f75414cd2d15dd1
  depends:
  - vc >=14.3,<15
  - vc14_runtime >=14.44.35208
  - ucrt >=10.0.20348.0
  - libzlib >=1.3.2,<2.0a0
  license: zlib-acknowledgement
  run_exports:
    weak:
    - libpng >=1.6.58,<1.7.0a0
  size: 385227
  timestamp: 1776315248638
- conda: https://conda.anaconda.org/conda-forge/win-64/librsvg-2.62.3-h15cfe45_0.conda
  sha256: 6f678be6074b79fe754660d16857a6edba73dd197ad92086250dc38c11b179ab
  md5: 3fffc63af7b943cde57aa72f5ffe6048
  depends:
  - cairo >=1.18.4,<2.0a0
  - gdk-pixbuf >=2.44.6,<3.0a0
  - harfbuzz >=14.2.0
  - libglib >=2.88.1,<3.0a0
  - libxml2-16 >=2.14.6
  - pango >=1.56.4,<2.0a0
  - ucrt >=10.0.20348.0
  - vc >=14.3,<15
  - vc14_runtime >=14.44.35208
  license: LGPL-2.1-or-later
  run_exports:
    weak:
    - librsvg >=2.62.3,<3.0a0
  size: 3361405
  timestamp: 1780451179155
- conda: https://conda.anaconda.org/conda-forge/win-64/libsqlite-3.53.4-hf5d6505_0.conda
  sha256: 62e1c45ec71ab2e5deeeb0e47e7df6a609991e91d46348f16df50c68fee145c8
  md5: ca0d59f40a02a15e9b5d0ff8db0f85e3
  depends:
  - ucrt >=10.0.20348.0
  - vc >=14.3,<15
  - vc14_runtime >=14.44.35208
  license: blessing
  run_exports:
    weak:
    - libsqlite >=3.53.4,<4.0a0
  size: 1313790
  timestamp: 1785016158097
- conda: https://conda.anaconda.org/conda-forge/win-64/libtiff-4.7.2-h8f73337_0.conda
  sha256: ec6d66308a6d6abaf3225f2f185113e6172e77eb0fa8622af982d7a5d6d47a2c
  md5: e83f459471905a04ebe15e21d063c49d
  depends:
  - lerc >=4.1.0,<5.0a0
  - libdeflate >=1.25,<1.26.0a0
  - libjpeg-turbo >=3.1.4.1,<4.0a0
  - liblzma >=5.8.3,<6.0a0
  - libzlib >=1.3.2,<2.0a0
  - ucrt >=10.0.20348.0
  - vc >=14.3,<15
  - vc14_runtime >=14.44.35208
  - zstd >=1.5.7,<1.6.0a0
  license: HPND
  run_exports:
    weak:
    - libtiff >=4.7.2,<4.8.0a0
  size: 1014598
  timestamp: 1783085017197
- conda: https://conda.anaconda.org/conda-forge/win-64/libusb-1.0.29-h1839187_0.conda
  sha256: 9837f8e8de20b6c9c033561cd33b4554cd551b217e3b8d2862b353ed2c23d8b8
  md5: a656b2c367405cd24988cf67ff2675aa
  depends:
  - vc >=14.2,<15
  - vc14_runtime >=14.29.30139
  - ucrt >=10.0.20348.0
  - vc >=14.2,<15
  - vc14_runtime >=14.29.30139
  - ucrt >=10.0.20348.0
  license: LGPL-2.1-or-later
  run_exports:
    weak:
    - libusb >=1.0.29,<2.0a0
  size: 118204
  timestamp: 1748856290542
- conda: https://conda.anaconda.org/conda-forge/win-64/libvorbis-1.3.7-h5112557_2.conda
  sha256: 429124709c73b2e8fae5570bdc6b42f5418a7551ba72e591bb960b752e87b365
  md5: 42a8a56c60882da5d451aa95b8455111
  depends:
  - libogg
  - vc >=14.3,<15
  - vc14_runtime >=14.44.35208
  - ucrt >=10.0.20348.0
  - vc >=14.3,<15
  - vc14_runtime >=14.44.35208
  - ucrt >=10.0.20348.0
  - libogg >=1.3.5,<1.4.0a0
  license: BSD-3-Clause
  license_family: BSD
  run_exports:
    weak:
    - libvorbis >=1.3.7,<1.4.0a0
  size: 243401
  timestamp: 1753879416570
- conda: https://conda.anaconda.org/conda-forge/win-64/libvulkan-loader-1.4.357.0-h477610d_0.conda
  sha256: 432d4796261bc4a4525e8ecf262361c3f69d815af823ebf60242093e47333674
  md5: 63d913ed8ee946e25b1ebf7d9f477b67
  depends:
  - vc >=14.3,<15
  - vc14_runtime >=14.44.35208
  - ucrt >=10.0.20348.0
  constrains:
  - libvulkan-headers 1.4.357.0.*
  license: Apache-2.0
  license_family: APACHE
  run_exports:
    weak:
    - libvulkan-loader >=1.4.357.0,<2.0a0
  size: 286754
  timestamp: 1785311500125
- conda: https://conda.anaconda.org/conda-forge/win-64/libwebp-base-1.6.0-h4d5522a_1.conda
  sha256: 4470d98d3178b0d45492eed4808afe421d2e7808352b8d06c2dc29166b75d94d
  md5: 35a9475e4cc999d52921f57c181979fc
  depends:
  - ucrt >=10.0.20348.0
  - vc >=14.3,<15
  - vc14_runtime >=14.44.35208
  constrains:
  - libwebp 1.6.0
  license: BSD-3-Clause
  license_family: BSD
  run_exports:
    weak:
    - libwebp-base >=1.6.0,<2.0a0
  size: 278886
  timestamp: 1785954716703
- conda: https://conda.anaconda.org/conda-forge/win-64/libxml2-16-2.15.3-h3cfd58e_0.conda
  sha256: 3b61ee3caba702d2ff432fa3920835db963026e5c99c4e6fdca0c6114f59e7ce
  md5: 9e8dd0d90ed830107b2c36801035b7db
  depends:
  - icu >=78.3,<79.0a0
  - libiconv >=1.18,<2.0a0
  - liblzma >=5.8.3,<6.0a0
  - libzlib >=1.3.2,<2.0a0
  - ucrt >=10.0.20348.0
  - vc >=14.3,<15
  - vc14_runtime >=14.44.35208
  constrains:
  - libxml2 2.15.3
  license: MIT
  license_family: MIT
  run_exports: {}
  size: 519871
  timestamp: 1776376969852
- conda: https://conda.anaconda.org/conda-forge/win-64/libxml2-2.15.3-h8ef44ab_0.conda
  sha256: a4599c6bbbbdd7db570896e520c557eec8e66d94e839a59d17dc1f24a3d5f82b
  md5: 95591ca5671d2213f5b2d5aa7818420d
  depends:
  - icu >=78.3,<79.0a0
  - libiconv >=1.18,<2.0a0
  - liblzma >=5.8.3,<6.0a0
  - libxml2-16 2.15.3 h3cfd58e_0
  - libzlib >=1.3.2,<2.0a0
  - ucrt >=10.0.20348.0
  - vc >=14.3,<15
  - vc14_runtime >=14.44.35208
  license: MIT
  license_family: MIT
  run_exports:
    weak:
    - libxml2
    - libxml2-16 >=2.15.3
  size: 43684
  timestamp: 1776376992865
- conda: https://conda.anaconda.org/conda-forge/win-64/libzlib-1.3.2-hfd05255_3.conda
  sha256: 0629c2cc0404d3bb29d6baa7b4ba62da80797015e86de050db81ea5a07050527
  md5: 5d2ff29d465097458cc3ff6569151991
  depends:
  - ucrt >=10.0.20348.0
  - vc >=14.3,<15
  - vc14_runtime >=14.44.35208
  constrains:
  - zlib 1.3.2 *_3
  license: Zlib
  license_family: Other
  run_exports:
    weak:
    - libzlib >=1.3.2,<2.0a0
  size: 58529
  timestamp: 1785276664143
- conda: https://conda.anaconda.org/conda-forge/win-64/mpg123-1.33.7-h365c5b5_0.conda
  sha256: 844868a7dc886bd1bf569613cd2609d335c4728c9b89a4eb6c9113ca6d67f946
  md5: bf6e07b61800a79426c4b6bdbdd0111a
  depends:
  - ucrt >=10.0.20348.0
  - vc >=14.3,<15
  - vc14_runtime >=14.44.35208
  license: LGPL-2.1-only
  license_family: LGPL
  run_exports:
    weak:
    - mpg123 >=1.33.7,<1.34.0a0
  size: 268619
  timestamp: 1786232242913
- conda: https://conda.anaconda.org/conda-forge/win-64/openh264-2.6.0-h1eab103_1.conda
  sha256: 8d7e4a2dcd68afcc87c1e875a19600d980ca8f792f00105a622efd5faed6b05a
  md5: 91c186a483e5491170156399b2850804
  depends:
  - ucrt >=10.0.20348.0
  - vc >=14.3,<15
  - vc14_runtime >=14.44.35208
  license: BSD-2-Clause
  license_family: BSD
  run_exports:
    weak:
    - openh264 >=2.6.0,<2.6.1.0a0
  size: 422904
  timestamp: 1782686043511
- conda: https://conda.anaconda.org/conda-forge/win-64/openssl-3.6.3-hf411b9b_1.conda
  sha256: 2ebff5a1b5793e82495bf33c91fba040e11ff23333c2385ac66d0c3aee2cc14c
  md5: a978392692a910ba1c8920ccb1e784b3
  depends:
  - ca-certificates
  - ucrt >=10.0.20348.0
  - vc >=14.3,<15
  - vc14_runtime >=14.44.35208
  license: Apache-2.0
  license_family: Apache
  run_exports:
    weak:
    - openssl >=3.6.3,<4.0a0
  size: 9427535
  timestamp: 1785915614585
- conda: https://conda.anaconda.org/conda-forge/win-64/pango-1.58.2-h13911b6_0.conda
  sha256: 85fc9c2a3b805d7ad784b6b307f4cf4833d3525ab409a7f86262d476a67d441f
  md5: 22d750d2ebf4109bc66c036f1e52b982
  depends:
  - cairo >=1.18.4,<2.0a0
  - fontconfig >=2.18.2,<3.0a0
  - fonts-conda-ecosystem
  - fribidi >=1.0.16,<2.0a0
  - libexpat >=2.8.1,<3.0a0
  - libfreetype >=2.14.3
  - libfreetype6 >=2.14.3
  - libglib >=2.88.3,<3.0a0
  - libharfbuzz >=14.3.0
  - libpng >=1.6.58,<1.7.0a0
  - libzlib >=1.3.2,<2.0a0
  - ucrt >=10.0.20348.0
  - vc >=14.2,<15
  - vc14_runtime >=14.29.30139
  license: LGPL-2.1-or-later
  run_exports:
    weak:
    - pango >=1.58.2,<2.0a0
  size: 466294
  timestamp: 1786107518608
- conda: https://conda.anaconda.org/conda-forge/win-64/pcre2-10.47-hd2b5f0e_0.conda
  sha256: 3e9e02174edf02cb4bcdd75668ad7b74b8061791a3bc8bdb8a52ae336761ba3e
  md5: 77eaf2336f3ae749e712f63e36b0f0a1
  depends:
  - bzip2 >=1.0.8,<2.0a0
  - libzlib >=1.3.1,<2.0a0
  - ucrt >=10.0.20348.0
  - vc >=14.3,<15
  - vc14_runtime >=14.44.35208
  license: BSD-3-Clause
  license_family: BSD
  run_exports:
    weak:
    - pcre2 >=10.47,<10.48.0a0
  size: 995992
  timestamp: 1763655708300
- conda: https://conda.anaconda.org/conda-forge/win-64/pixman-0.46.4-h5112557_3.conda
  sha256: cad8b94c2b00264a15d469eed6dc53aac1c59c6d46f27ad1d91bfaf227cf136a
  md5: 27c5be39d9e4d25fe85b89a069360d1e
  depends:
  - vc >=14.3,<15
  - vc14_runtime >=14.44.35208
  - ucrt >=10.0.20348.0
  license: MIT
  license_family: MIT
  run_exports:
    weak:
    - pixman >=0.46.4,<1.0a0
  size: 257473
  timestamp: 1786106677325
- conda: https://conda.anaconda.org/conda-forge/win-64/python-3.14.6-h4b44e0e_101_cp314.conda
  build_number: 101
  sha256: 3a9ae901cd853d507d97aa8b72af4b9a572a3f92dcc5bad8a1318f77ff4e0e64
  md5: 67bbf51f88a2053513d7c78f485f7479
  depends:
  - bzip2 >=1.0.8,<2.0a0
  - libexpat >=2.8.1,<3.0a0
  - libffi >=3.5.2,<3.6.0a0
  - liblzma >=5.8.3,<6.0a0
  - libmpdec >=4.0.0,<5.0a0
  - libsqlite >=3.53.3,<4.0a0
  - libzlib >=1.3.2,<2.0a0
  - openssl >=3.5.7,<4.0a0
  - python_abi 3.14.* *_cp314
  - tk >=8.6.13,<8.7.0a0
  - tzdata
  - ucrt >=10.0.20348.0
  - vc >=14.3,<15
  - vc14_runtime >=14.44.35208
  - zstd >=1.5.7,<1.6.0a0
  license: Python-2.0
  run_exports:
    weak:
    - python_abi 3.14.* *_cp314
    noarch:
    - python
  size: 18338767
  timestamp: 1784911044838
  python_site_packages_path: Lib/site-packages
- conda: https://conda.anaconda.org/conda-forge/win-64/sdl2-2.32.56-h5112557_0.conda
  sha256: d17da21386bdbf32bce5daba5142916feb95eed63ef92b285808c765705bbfd2
  md5: 4cffbfebb6614a1bff3fc666527c25c7
  depends:
  - vc >=14.3,<15
  - vc14_runtime >=14.44.35208
  - ucrt >=10.0.20348.0
  - vc >=14.3,<15
  - vc14_runtime >=14.44.35208
  - ucrt >=10.0.20348.0
  - sdl3 >=3.2.22,<4.0a0
  license: Zlib
  run_exports:
    weak:
    - sdl2 >=2.32.56,<3.0a0
  size: 572101
  timestamp: 1757842925694
- conda: https://conda.anaconda.org/conda-forge/win-64/sdl3-3.4.14-h5112557_0.conda
  sha256: bb70cacf72c45481ebe534d49c8c0b0ad5f72afa69d21ff741186db19f67f4b9
  md5: a9448d016627e0ff20e20fd6bbe7a928
  depends:
  - vc >=14.3,<15
  - vc14_runtime >=14.44.35208
  - ucrt >=10.0.20348.0
  - libvulkan-loader >=1.4.357.0,<2.0a0
  - libusb >=1.0.29,<2.0a0
  license: Zlib
  run_exports:
    weak:
    - sdl3 >=3.4.14,<4.0a0
  size: 1680176
  timestamp: 1785816137266
- conda: https://conda.anaconda.org/conda-forge/win-64/svt-av1-4.2.0-hac47afa_0.conda
  sha256: 6dc6ed0e651e99d03ae25b6a358064247c96b1cb436fdbf973ab25c1c6aedcd4
  md5: c49fb5bcbd2f2537875e4b2f62c0de3b
  depends:
  - ucrt >=10.0.20348.0
  - vc >=14.3,<15
  - vc14_runtime >=14.44.35208
  license: BSD-2-Clause
  license_family: BSD
  run_exports:
    weak:
    - svt-av1 >=4.2.0,<4.2.1.0a0
  size: 1833926
  timestamp: 1784070033860
- conda: https://conda.anaconda.org/conda-forge/win-64/tk-8.6.13-h967ab96_3.conda
  sha256: 13fa29257d43f8e630a1e591ed77fae9bbbb236b011432f01e2034cf36e6bf03
  md5: aaf79e2af50a151fb5b5a3e3f38b7a69
  depends:
  - vc >=14.3,<15
  - vc14_runtime >=14.44.35208
  - ucrt >=10.0.20348.0
  license: TCL
  run_exports:
    weak:
    - tk >=8.6.13,<8.7.0a0
  size: 3782314
  timestamp: 1784229072899
- conda: https://conda.anaconda.org/conda-forge/win-64/ucrt-10.0.26100.0-h57928b3_0.conda
  sha256: 3005729dce6f3d3f5ec91dfc49fc75a0095f9cd23bab49efb899657297ac91a5
  md5: 71b24316859acd00bdb8b38f5e2ce328
  constrains:
  - vc14_runtime >=14.29.30037
  - vs2015_runtime >=14.29.30037
  license: LicenseRef-MicrosoftWindowsSDK10
  run_exports: {}
  size: 694692
  timestamp: 1756385147981
- conda: https://conda.anaconda.org/conda-forge/win-64/vc-14.5-ha367084_41.conda
  sha256: 35444c55a92e2f7f7ba26bc70f81e56e52344f7d064c0fd4b40a46a58517b79c
  md5: aa805b5522c2a98fa286e551a1f48546
  depends:
  - vc14_runtime >=14.51.36247
  track_features:
  - vc14
  license: BSD-3-Clause
  license_family: BSD
  run_exports: {}
  size: 21383
  timestamp: 1785359368566
- conda: https://conda.anaconda.org/conda-forge/win-64/vc14_runtime-14.51.36247-habf1de7_41.conda
  sha256: 4e4cb599cdc41bf2109d1464c127b5bcbddf548ce3e322e612afb691338b48f8
  md5: ac5333bb3d429361f23adf704cc49a78
  depends:
  - ucrt >=10.0.20348.0
  - vcomp14 14.51.36247 habf1de7_41
  constrains:
  - vs2015_runtime 14.51.36247.* *_41
  license: LicenseRef-MicrosoftVisualCpp2015-2022Runtime
  license_family: Proprietary
  run_exports: {}
  size: 767955
  timestamp: 1785359364369
- conda: https://conda.anaconda.org/conda-forge/win-64/vcomp14-14.51.36247-habf1de7_41.conda
  sha256: 731e043390c9457299484d39e427221fc868a9249540a498a5a4f6456c7744d1
  md5: 350bb67a5c8e5f1c53347ac544ab6600
  depends:
  - ucrt >=10.0.20348.0
  constrains:
  - vs2015_runtime 14.51.36247.* *_41
  license: LicenseRef-MicrosoftVisualCpp2015-2022Runtime
  license_family: Proprietary
  run_exports:
    strong:
    - vcomp14 >=14.51.36247
  size: 155910
  timestamp: 1785359349999
- conda: https://conda.anaconda.org/conda-forge/win-64/vs2015_runtime-14.51.36247-h633cb9f_41.conda
  sha256: ee0ae67c96b80b9fdb50c3f617c6329dbcdf1562d0267604f6c0e24f494431d6
  md5: 21504569fa34b5d3a67760219e3ff1cc
  depends:
  - vc14_runtime >=14.51.36247
  license: BSD-3-Clause
  license_family: BSD
  run_exports: {}
  size: 21386
  timestamp: 1785359368990
- conda: https://conda.anaconda.org/conda-forge/win-64/x264-1!164.3095-h8ffe710_2.tar.bz2
  sha256: 97166b318f8c68ffe4d50b2f4bd36e415219eeaef233e7d41c54244dc6108249
  md5: 19e39905184459760ccb8cf5c75f148b
  depends:
  - vc >=14.1,<15
  - vs2015_runtime >=14.16.27033
  license: GPL-2.0-or-later
  license_family: GPL
  run_exports:
    weak:
    - x264 >=1!164.3095,<1!165
  size: 1041889
  timestamp: 1660323726084
- conda: https://conda.anaconda.org/conda-forge/win-64/x265-3.5-h2d74725_3.tar.bz2
  sha256: 02b9874049112f2b7335c9a3e880ac05d99a08d9a98160c5a98898b2b3ac42b2
  md5: ca7129a334198f08347fb19ac98a2de9
  depends:
  - vc >=14.1,<15
  - vs2015_runtime >=14.16.27033
  license: GPL-2.0-or-later
  license_family: GPL
  run_exports:
    weak:
    - x265 >=3.5,<3.6.0a0
  size: 5517425
  timestamp: 1646611941216
- conda: https://conda.anaconda.org/conda-forge/win-64/zlib-1.3.2-hfd05255_3.conda
  sha256: 5a0b55df66ff07b4342e04967cef69f8bf348f6a0fb1cc1eca741c7b015dfe77
  md5: 945092a9bc1d0f250f7d5ecf51ecd471
  depends:
  - libzlib 1.3.2 hfd05255_3
  - ucrt >=10.0.20348.0
  - vc >=14.3,<15
  - vc14_runtime >=14.44.35208
  license: Zlib
  license_family: Other
  run_exports:
    weak:
    - libzlib >=1.3.2,<2.0a0
  size: 851288
  timestamp: 1785276674755
- conda: https://conda.anaconda.org/conda-forge/win-64/zstd-1.5.7-h534d264_6.conda
  sha256: 368d8628424966fd8f9c8018326a9c779e06913dd39e646cf331226acc90e5b2
  md5: 053b84beec00b71ea8ff7a4f84b55207
  depends:
  - vc >=14.3,<15
  - vc14_runtime >=14.44.35208
  - ucrt >=10.0.20348.0
  - libzlib >=1.3.1,<2.0a0
  license: BSD-3-Clause
  license_family: BSD
  run_exports:
    weak:
    - zstd >=1.5.7,<1.6.0a0
  size: 388453
  timestamp: 1764777142545
